Microsoft Visual Studio Solution File, Format Version 12.00
# Visual Studio Version 17
VisualStudioVersion = 17.5.2.0
MinimumVisualStudioVersion = 10.0.40219.1
Project("{FAE04EC0-301F-11D3-BF4B-00C04F79EFBC}") = "AppointmentUI", "AppointmentUI.csproj", "{4529E481-4418-FE7F-C660-AF1B3A566855}"
EndProject
Global
	GlobalSection(SolutionConfigurationPlatforms) = preSolution
		Debug|Any CPU = Debug|Any CPU
		Release|Any CPU = Release|Any CPU
	EndGlobalSection
	GlobalSection(ProjectConfigurationPlatforms) = postSolution
		{4529E481-4418-FE7F-C660-AF1B3A566855}.Debug|Any CPU.ActiveCfg = Debug|Any CPU
		{4529E481-4418-FE7F-C660-AF1B3A566855}.Debug|Any CPU.Build.0 = Debug|Any CPU
		{4529E481-4418-FE7F-C660-AF1B3A566855}.Release|Any CPU.ActiveCfg = Release|Any CPU
		{4529E481-4418-FE7F-C660-AF1B3A566855}.Release|Any CPU.Build.0 = Release|Any CPU
	EndGlobalSection
	GlobalSection(SolutionProperties) = preSolution
		HideSolutionNode = FALSE
	EndGlobalSection
	GlobalSection(ExtensibilityGlobals) = postSolution
		SolutionGuid = {59D7DD4F-BB46-47B2-82F9-83220C8B0A87}
	EndGlobalSection
EndGlobal
